
Microsoft Visual Studio Solution File, Format Version 12.00
# Visual Studio Version 17
VisualStudioVersion = 17.14.36511.14 d17.14
MinimumVisualStudioVersion = 10.0.40219.1
Project("{FAE04EC0-301F-11D3-BF4B-00C04F79EFBC}") = "WpfAppWPCalculator", "WpfAppWPCalculator\WpfAppWPCalculator.csproj", "{39DC0D29-9076-4442-A5EF-D2ABABF336F3}"
EndProject
Project("{FAE04EC0-301F-11D3-BF4B-00C04F79EFBC}") = "ClassLibraryWPCalculator", "ClassLibraryWPCalculator\ClassLibraryWPCalculator.csproj", "{42F4471D-9D9D-477C-A7B6-6A549C69B99F}"
EndProject
Project("{FAE04EC0-301F-11D3-BF4B-00C04F79EFBC}") = "TestProjectWPCalculator", "TestProjectWPCalculator\TestProjectWPCalculator.csproj", "{D0DA6907-E270-44C1-82E9-0D7A95602351}"
EndProject
Global
	GlobalSection(SolutionConfigurationPlatforms) = preSolution
		Debug|Any CPU = Debug|Any CPU
		Release|Any CPU = Release|Any CPU
	EndGlobalSection
	GlobalSection(ProjectConfigurationPlatforms) = postSolution
		{39DC0D29-9076-4442-A5EF-D2ABABF336F3}.Debug|Any CPU.ActiveCfg = Debug|Any CPU
		{39DC0D29-9076-4442-A5EF-D2ABABF336F3}.Debug|Any CPU.Build.0 = Debug|Any CPU
		{39DC0D29-9076-4442-A5EF-D2ABABF336F3}.Release|Any CPU.ActiveCfg = Release|Any CPU
		{39DC0D29-9076-4442-A5EF-D2ABABF336F3}.Release|Any CPU.Build.0 = Release|Any CPU
		{42F4471D-9D9D-477C-A7B6-6A549C69B99F}.Debug|Any CPU.ActiveCfg = Debug|Any CPU
		{42F4471D-9D9D-477C-A7B6-6A549C69B99F}.Debug|Any CPU.Build.0 = Debug|Any CPU
		{42F4471D-9D9D-477C-A7B6-6A549C69B99F}.Release|Any CPU.ActiveCfg = Release|Any CPU
		{42F4471D-9D9D-477C-A7B6-6A549C69B99F}.Release|Any CPU.Build.0 = Release|Any CPU
		{D0DA6907-E270-44C1-82E9-0D7A95602351}.Debug|Any CPU.ActiveCfg = Debug|Any CPU
		{D0DA6907-E270-44C1-82E9-0D7A95602351}.Debug|Any CPU.Build.0 = Debug|Any CPU
		{D0DA6907-E270-44C1-82E9-0D7A95602351}.Release|Any CPU.ActiveCfg = Release|Any CPU
		{D0DA6907-E270-44C1-82E9-0D7A95602351}.Release|Any CPU.Build.0 = Release|Any CPU
	EndGlobalSection
	GlobalSection(SolutionProperties) = preSolution
		HideSolutionNode = FALSE
	EndGlobalSection
	GlobalSection(ExtensibilityGlobals) = postSolution
		SolutionGuid = {DD8DDD37-D006-45BC-B645-263265932FC5}
	EndGlobalSection
EndGlobal
